
Microsoft Visual Studio Solution File, Format Version 12.00
# Visual Studio Version 17
VisualStudioVersion = 17.2.32616.157
MinimumVisualStudioVersion = 10.0.40219.1
Project("{FAE04EC0-301F-11D3-BF4B-00C04F79EFBC}") = "Balancer", "Balancer\Balancer.csproj", "{3115A705-D365-4438-9CA0-642B81335D64}"
EndProject
Global
	GlobalSection(SolutionConfigurationPlatforms) = preSolution
		Debug|Any CPU = Debug|Any CPU
		Release|Any CPU = Release|Any CPU
	EndGlobalSection
	GlobalSection(ProjectConfigurationPlatforms) = postSolution
		{3115A705-D365-4438-9CA0-642B81335D64}.Debug|Any CPU.ActiveCfg = Debug|Any CPU
		{3115A705-D365-4438-9CA0-642B81335D64}.Debug|Any CPU.Build.0 = Debug|Any CPU
		{3115A705-D365-4438-9CA0-642B81335D64}.Release|Any CPU.ActiveCfg = Release|Any CPU
		{3115A705-D365-4438-9CA0-642B81335D64}.Release|Any CPU.Build.0 = Release|Any CPU
	EndGlobalSection
	GlobalSection(SolutionProperties) = preSolution
		HideSolutionNode = FALSE
	EndGlobalSection
	GlobalSection(ExtensibilityGlobals) = postSolution
		SolutionGuid = {8324DF60-A26F-4201-BC93-C7F15B2CBC29}
	EndGlobalSection
EndGlobal
